
Microsoft Visual Studio Solution File, Format Version 12.00
# Visual Studio Version 16
VisualStudioVersion = 16.0.31019.35
MinimumVisualStudioVersion = 10.0.40219.1
Project("{FAE04EC0-301F-11D3-BF4B-00C04F79EFBC}") = "Challenge1_BLOG", "Challenge1_BLOG\Challenge1_BLOG.csproj", "{BB618210-03AE-4DC7-BC4A-F1BCCB5879F8}"
EndProject
Global
	GlobalSection(SolutionConfigurationPlatforms) = preSolution
		Debug|Any CPU = Debug|Any CPU
		Release|Any CPU = Release|Any CPU
	EndGlobalSection
	GlobalSection(ProjectConfigurationPlatforms) = postSolution
		{BB618210-03AE-4DC7-BC4A-F1BCCB5879F8}.Debug|Any CPU.ActiveCfg = Debug|Any CPU
		{BB618210-03AE-4DC7-BC4A-F1BCCB5879F8}.Debug|Any CPU.Build.0 = Debug|Any CPU
		{BB618210-03AE-4DC7-BC4A-F1BCCB5879F8}.Release|Any CPU.ActiveCfg = Release|Any CPU
		{BB618210-03AE-4DC7-BC4A-F1BCCB5879F8}.Release|Any CPU.Build.0 = Release|Any CPU
	EndGlobalSection
	GlobalSection(SolutionProperties) = preSolution
		HideSolutionNode = FALSE
	EndGlobalSection
	GlobalSection(ExtensibilityGlobals) = postSolution
		SolutionGuid = {22BE6391-5C82-4C3C-8498-F4ED6B589632}
	EndGlobalSection
EndGlobal
